
Microsoft Visual Studio Solution File, Format Version 12.00
# Visual Studio Version 17
VisualStudioVersion = 17.11.35327.3
MinimumVisualStudioVersion = 10.0.40219.1
Project("{9A19103F-16F7-4668-BE54-9A1E7A4F7556}") = "SGDM-CFE.BusinessLogic", "SGDM-CFE.BusinessLogic\SGDM-CFE.BusinessLogic.csproj", "{424A2018-C8F1-41DD-B90F-7D0168B51A43}"
EndProject
Project("{9A19103F-16F7-4668-BE54-9A1E7A4F7556}") = "SGDM-CFE.DataAccess", "SGDM-CFE.DataAccess\SGDM-CFE.DataAccess.csproj", "{1A41A465-3A2F-43EA-A3BC-71BC3F792A8B}"
EndProject
Project("{9A19103F-16F7-4668-BE54-9A1E7A4F7556}") = "SGDM-CFE.Entities", "SGDM-CFE.Entities\SGDM-CFE.Entities.csproj", "{E3A38500-3FD1-4B8F-8000-EB9047C8615E}"
EndProject
Project("{9A19103F-16F7-4668-BE54-9A1E7A4F7556}") = "SGDM-CFE.UI", "SGDM-CFE.UI\SGDM-CFE.UI.csproj", "{33D48DA5-684C-4C75-8447-7D98E8F642A6}"
EndProject
Project("{9A19103F-16F7-4668-BE54-9A1E7A4F7556}") = "SGDM-CFE.Tests", "SGDM-CFE.Tests\SGDM-CFE.Tests.csproj", "{43F8ED2F-8806-4917-9722-A772647F78E4}"
EndProject
Global
	GlobalSection(SolutionConfigurationPlatforms) = preSolution
		Debug|Any CPU = Debug|Any CPU
		Debug|ARM64 = Debug|ARM64
		Debug|x64 = Debug|x64
		Debug|x86 = Debug|x86
		Release|Any CPU = Release|Any CPU
		Release|ARM64 = Release|ARM64
		Release|x64 = Release|x64
		Release|x86 = Release|x86
	EndGlobalSection
	GlobalSection(ProjectConfigurationPlatforms) = postSolution
		{424A2018-C8F1-41DD-B90F-7D0168B51A43}.Debug|Any CPU.ActiveCfg = Debug|Any CPU
		{424A2018-C8F1-41DD-B90F-7D0168B51A43}.Debug|Any CPU.Build.0 = Debug|Any CPU
		{424A2018-C8F1-41DD-B90F-7D0168B51A43}.Debug|ARM64.ActiveCfg = Debug|Any CPU
		{424A2018-C8F1-41DD-B90F-7D0168B51A43}.Debug|ARM64.Build.0 = Debug|Any CPU
		{424A2018-C8F1-41DD-B90F-7D0168B51A43}.Debug|x64.ActiveCfg = Debug|Any CPU
		{424A2018-C8F1-41DD-B90F-7D0168B51A43}.Debug|x64.Build.0 = Debug|Any CPU
		{424A2018-C8F1-41DD-B90F-7D0168B51A43}.Debug|x86.ActiveCfg = Debug|Any CPU
		{424A2018-C8F1-41DD-B90F-7D0168B51A43}.Debug|x86.Build.0 = Debug|Any CPU
		{424A2018-C8F1-41DD-B90F-7D0168B51A43}.Release|Any CPU.ActiveCfg = Release|Any CPU
		{424A2018-C8F1-41DD-B90F-7D0168B51A43}.Release|Any CPU.Build.0 = Release|Any CPU
		{424A2018-C8F1-41DD-B90F-7D0168B51A43}.Release|ARM64.ActiveCfg = Release|Any CPU
		{424A2018-C8F1-41DD-B90F-7D0168B51A43}.Release|ARM64.Build.0 = Release|Any CPU
		{424A2018-C8F1-41DD-B90F-7D0168B51A43}.Release|x64.ActiveCfg = Release|Any CPU
		{424A2018-C8F1-41DD-B90F-7D0168B51A43}.Release|x64.Build.0 = Release|Any CPU
		{424A2018-C8F1-41DD-B90F-7D0168B51A43}.Release|x86.ActiveCfg = Release|Any CPU
		{424A2018-C8F1-41DD-B90F-7D0168B51A43}.Release|x86.Build.0 = Release|Any CPU
		{1A41A465-3A2F-43EA-A3BC-71BC3F792A8B}.Debug|Any CPU.ActiveCfg = Debug|Any CPU
		{1A41A465-3A2F-43EA-A3BC-71BC3F792A8B}.Debug|Any CPU.Build.0 = Debug|Any CPU
		{1A41A465-3A2F-43EA-A3BC-71BC3F792A8B}.Debug|ARM64.ActiveCfg = Debug|Any CPU
		{1A41A465-3A2F-43EA-A3BC-71BC3F792A8B}.Debug|ARM64.Build.0 = Debug|Any CPU
		{1A41A465-3A2F-43EA-A3BC-71BC3F792A8B}.Debug|x64.ActiveCfg = Debug|Any CPU
		{1A41A465-3A2F-43EA-A3BC-71BC3F792A8B}.Debug|x64.Build.0 = Debug|Any CPU
		{1A41A465-3A2F-43EA-A3BC-71BC3F792A8B}.Debug|x86.ActiveCfg = Debug|Any CPU
		{1A41A465-3A2F-43EA-A3BC-71BC3F792A8B}.Debug|x86.Build.0 = Debug|Any CPU
		{1A41A465-3A2F-43EA-A3BC-71BC3F792A8B}.Release|Any CPU.ActiveCfg = Release|Any CPU
		{1A41A465-3A2F-43EA-A3BC-71BC3F792A8B}.Release|Any CPU.Build.0 = Release|Any CPU
		{1A41A465-3A2F-43EA-A3BC-71BC3F792A8B}.Release|ARM64.ActiveCfg = Release|Any CPU
		{1A41A465-3A2F-43EA-A3BC-71BC3F792A8B}.Release|ARM64.Build.0 = Release|Any CPU
		{1A41A465-3A2F-43EA-A3BC-71BC3F792A8B}.Release|x64.ActiveCfg = Release|Any CPU
		{1A41A465-3A2F-43EA-A3BC-71BC3F792A8B}.Release|x64.Build.0 = Release|Any CPU
		{1A41A465-3A2F-43EA-A3BC-71BC3F792A8B}.Release|x86.ActiveCfg = Release|Any CPU
		{1A41A465-3A2F-43EA-A3BC-71BC3F792A8B}.Release|x86.Build.0 = Release|Any CPU
		{E3A38500-3FD1-4B8F-8000-EB9047C8615E}.Debug|Any CPU.ActiveCfg = Debug|Any CPU
		{E3A38500-3FD1-4B8F-8000-EB9047C8615E}.Debug|Any CPU.Build.0 = Debug|Any CPU
		{E3A38500-3FD1-4B8F-8000-EB9047C8615E}.Debug|ARM64.ActiveCfg = Debug|Any CPU
		{E3A38500-3FD1-4B8F-8000-EB9047C8615E}.Debug|ARM64.Build.0 = Debug|Any CPU
		{E3A38500-3FD1-4B8F-8000-EB9047C8615E}.Debug|x64.ActiveCfg = Debug|Any CPU
		{E3A38500-3FD1-4B8F-8000-EB9047C8615E}.Debug|x64.Build.0 = Debug|Any CPU
		{E3A38500-3FD1-4B8F-8000-EB9047C8615E}.Debug|x86.ActiveCfg = Debug|Any CPU
		{E3A38500-3FD1-4B8F-8000-EB9047C8615E}.Debug|x86.Build.0 = Debug|Any CPU
		{E3A38500-3FD1-4B8F-8000-EB9047C8615E}.Release|Any CPU.ActiveCfg = Release|Any CPU
		{E3A38500-3FD1-4B8F-8000-EB9047C8615E}.Release|Any CPU.Build.0 = Release|Any CPU
		{E3A38500-3FD1-4B8F-8000-EB9047C8615E}.Release|ARM64.ActiveCfg = Release|Any CPU
		{E3A38500-3FD1-4B8F-8000-EB9047C8615E}.Release|ARM64.Build.0 = Release|Any CPU
		{E3A38500-3FD1-4B8F-8000-EB9047C8615E}.Release|x64.ActiveCfg = Release|Any CPU
		{E3A38500-3FD1-4B8F-8000-EB9047C8615E}.Release|x64.Build.0 = Release|Any CPU
		{E3A38500-3FD1-4B8F-8000-EB9047C8615E}.Release|x86.ActiveCfg = Release|Any CPU
		{E3A38500-3FD1-4B8F-8000-EB9047C8615E}.Release|x86.Build.0 = Release|Any CPU
		{33D48DA5-684C-4C75-8447-7D98E8F642A6}.Debug|Any CPU.ActiveCfg = Debug|x64
		{33D48DA5-684C-4C75-8447-7D98E8F642A6}.Debug|Any CPU.Build.0 = Debug|x64
		{33D48DA5-684C-4C75-8447-7D98E8F642A6}.Debug|Any CPU.Deploy.0 = Debug|x64
		{33D48DA5-684C-4C75-8447-7D98E8F642A6}.Debug|ARM64.ActiveCfg = Debug|ARM64
		{33D48DA5-684C-4C75-8447-7D98E8F642A6}.Debug|ARM64.Build.0 = Debug|ARM64
		{33D48DA5-684C-4C75-8447-7D98E8F642A6}.Debug|ARM64.Deploy.0 = Debug|ARM64
		{33D48DA5-684C-4C75-8447-7D98E8F642A6}.Debug|x64.ActiveCfg = Debug|x64
		{33D48DA5-684C-4C75-8447-7D98E8F642A6}.Debug|x64.Build.0 = Debug|x64
		{33D48DA5-684C-4C75-8447-7D98E8F642A6}.Debug|x64.Deploy.0 = Debug|x64
		{33D48DA5-684C-4C75-8447-7D98E8F642A6}.Debug|x86.ActiveCfg = Debug|x86
		{33D48DA5-684C-4C75-8447-7D98E8F642A6}.Debug|x86.Build.0 = Debug|x86
		{33D48DA5-684C-4C75-8447-7D98E8F642A6}.Debug|x86.Deploy.0 = Debug|x86
		{33D48DA5-684C-4C75-8447-7D98E8F642A6}.Release|Any CPU.ActiveCfg = Release|x64
		{33D48DA5-684C-4C75-8447-7D98E8F642A6}.Release|Any CPU.Build.0 = Release|x64
		{33D48DA5-684C-4C75-8447-7D98E8F642A6}.Release|Any CPU.Deploy.0 = Release|x64
		{33D48DA5-684C-4C75-8447-7D98E8F642A6}.Release|ARM64.ActiveCfg = Release|ARM64
		{33D48DA5-684C-4C75-8447-7D98E8F642A6}.Release|ARM64.Build.0 = Release|ARM64
		{33D48DA5-684C-4C75-8447-7D98E8F642A6}.Release|ARM64.Deploy.0 = Release|ARM64
		{33D48DA5-684C-4C75-8447-7D98E8F642A6}.Release|x64.ActiveCfg = Release|x64
		{33D48DA5-684C-4C75-8447-7D98E8F642A6}.Release|x64.Build.0 = Release|x64
		{33D48DA5-684C-4C75-8447-7D98E8F642A6}.Release|x64.Deploy.0 = Release|x64
		{33D48DA5-684C-4C75-8447-7D98E8F642A6}.Release|x86.ActiveCfg = Release|x86
		{33D48DA5-684C-4C75-8447-7D98E8F642A6}.Release|x86.Build.0 = Release|x86
		{33D48DA5-684C-4C75-8447-7D98E8F642A6}.Release|x86.Deploy.0 = Release|x86
		{43F8ED2F-8806-4917-9722-A772647F78E4}.Debug|Any CPU.ActiveCfg = Debug|Any CPU
		{43F8ED2F-8806-4917-9722-A772647F78E4}.Debug|Any CPU.Build.0 = Debug|Any CPU
		{43F8ED2F-8806-4917-9722-A772647F78E4}.Debug|ARM64.ActiveCfg = Debug|Any CPU
		{43F8ED2F-8806-4917-9722-A772647F78E4}.Debug|ARM64.Build.0 = Debug|Any CPU
		{43F8ED2F-8806-4917-9722-A772647F78E4}.Debug|x64.ActiveCfg = Debug|Any CPU
		{43F8ED2F-8806-4917-9722-A772647F78E4}.Debug|x64.Build.0 = Debug|Any CPU
		{43F8ED2F-8806-4917-9722-A772647F78E4}.Debug|x86.ActiveCfg = Debug|Any CPU
		{43F8ED2F-8806-4917-9722-A772647F78E4}.Debug|x86.Build.0 = Debug|Any CPU
		{43F8ED2F-8806-4917-9722-A772647F78E4}.Release|Any CPU.ActiveCfg = Release|Any CPU
		{43F8ED2F-8806-4917-9722-A772647F78E4}.Release|Any CPU.Build.0 = Release|Any CPU
		{43F8ED2F-8806-4917-9722-A772647F78E4}.Release|ARM64.ActiveCfg = Release|Any CPU
		{43F8ED2F-8806-4917-9722-A772647F78E4}.Release|ARM64.Build.0 = Release|Any CPU
		{43F8ED2F-8806-4917-9722-A772647F78E4}.Release|x64.ActiveCfg = Release|Any CPU
		{43F8ED2F-8806-4917-9722-A772647F78E4}.Release|x64.Build.0 = Release|Any CPU
		{43F8ED2F-8806-4917-9722-A772647F78E4}.Release|x86.ActiveCfg = Release|Any CPU
		{43F8ED2F-8806-4917-9722-A772647F78E4}.Release|x86.Build.0 = Release|Any CPU
	EndGlobalSection
	GlobalSection(SolutionProperties) = preSolution
		HideSolutionNode = FALSE
	EndGlobalSection
	GlobalSection(ExtensibilityGlobals) = postSolution
		SolutionGuid = {0CF3FBD2-19F8-4DF2-9722-81E75A5D56CF}
	EndGlobalSection
EndGlobal
